PODS:
  - Alamofire (4.7.2)
  - anfema-mockingbird (4.0.0):
    - Alamofire (~> 4.2)
    - DEjson (~> 4.0)
  - DEjson (4.0.0)
  - HashExtensions (2.0.0)
  - html5tokenizer (3.0.0)
  - iso-rfc822-date (1.0.1)
  - Markdown (4.0.0)
  - SQLite.swift (0.12.0):
    - SQLite.swift/standard (= 0.12.0)
  - SQLite.swift/standard (0.12.0)
  - Tarpit (3.0.0)

DEPENDENCIES:
  - Alamofire (~> 4.7)
  - anfema-mockingbird (~> 4.0)
  - DEjson (~> 4.0)
  - HashExtensions (~> 2.0)
  - html5tokenizer (~> 3.0)
  - iso-rfc822-date (~> 1.0)
  - Markdown (~> 4.0)
  - SQLite.swift (~> 0.12)
  - Tarpit (~> 3.0)

SPEC REPOS:
  "git@github.com:anfema/anfema-pod-specs.git":
    - anfema-mockingbird
    - DEjson
    - html5tokenizer
    - Markdown
    - Tarpit
  https://github.com/CocoaPods/Specs.git:
    - Alamofire
    - HashExtensions
    - iso-rfc822-date
    - SQLite.swift

SPEC CHECKSUMS:
  Alamofire: e4fa87002c137ba2d8d634d2c51fabcda0d5c223
  anfema-mockingbird: 441d7b91cd2583a86241a6c667a1e83c92f6ee2d
  DEjson: 0fd43df22e2265b4c586f722b01d799d52061080
  HashExtensions: f7a7a9c2c318a48a3546eafef32ce3cd210bf2a3
  html5tokenizer: 166c1b891cac817a6b4469e0ae4eaad7a19181de
  iso-rfc822-date: e10feac94cb97cfba1768762786cb772a020343f
  Markdown: 4534213b99c4f954dc7f420aee0c26749b817e23
  SQLite.swift: 7cad9db150a03716336e69469ec9559c85aece5b
  Tarpit: a46575231c7a0c18b6da0be88dcc95eb22421e10

PODFILE CHECKSUM: 02c9683c4fbd16476e579f4efc9425d65519b4a3

COCOAPODS: 1.10.0
