PODS:
  - Alamofire (3.1.2)
  - DEjson (1.0.0)
  - HashExtensions (1.0.0)
  - html5parser (1.0.0)
  - Markdown (1.0.2)
  - Tarpit (1.0.1)

DEPENDENCIES:
  - Alamofire (~> 3.1)
  - DEjson (~> 1.0)
  - HashExtensions (~> 1.0)
  - html5parser (~> 1.0)
  - Markdown (~> 1.0)
  - Tarpit (~> 1.0)

SPEC CHECKSUMS:
  Alamofire: 7c16ca65f3c7e681fd925fd7f2dec7747ff96855
  DEjson: 18af7d4a4f76f7e7676dffcf21364e1d8a88fc20
  HashExtensions: 9ac81090e6e704fb936da8a4e51bf5331c014bab
  html5parser: 6618edf731a28ef0cdf46c5c5eac395e27c30af9
  Markdown: f0a6f3f1ada824b6f5514e384e2ecde63b1d4a12
  Tarpit: 2f0dcf575c8e3decc439ea42add1b65effd6ed0a

COCOAPODS: 0.39.0
