PODS:
  - Alamofire (4.5.1)
  - anfema-mockingbird (1.0.1):
    - Alamofire (~> 4.2)
    - DEjson
  - DEjson (2.0.0)
  - HashExtensions (2.0.0)
  - html5tokenizer (2.0.0)
  - iso-rfc822-date (1.0.1)
  - Markdown (2.0.0)
  - SQLite.swift (0.11.4):
    - SQLite.swift/standard (= 0.11.4)
  - SQLite.swift/standard (0.11.4)
  - Tarpit (2.0.0)

DEPENDENCIES:
  - Alamofire (~> 4.5.1)
  - anfema-mockingbird (from `https://github.com/anfema/Mockingbird`, branch `swift_3`)
  - DEjson (~> 2.0)
  - HashExtensions (~> 2.0)
  - html5tokenizer (~> 2.0)
  - iso-rfc822-date (~> 1.0)
  - Markdown (~> 2.0)
  - SQLite.swift (~> 0.11)
  - Tarpit (~> 2.0)

EXTERNAL SOURCES:
  anfema-mockingbird:
    :branch: swift_3
    :git: https://github.com/anfema/Mockingbird

CHECKOUT OPTIONS:
  anfema-mockingbird:
    :commit: 9c741617f1137af49c5b0dc54b4cf00152778e19
    :git: https://github.com/anfema/Mockingbird

SPEC CHECKSUMS:
  Alamofire: 2d95912bf4c34f164fdfc335872e8c312acaea4a
  anfema-mockingbird: f1c8fc4c5a5411c7bfb33c109e2f44e3912c600d
  DEjson: 1df188b7fe48c7711d3904c38378fc79d74a12f4
  HashExtensions: f7a7a9c2c318a48a3546eafef32ce3cd210bf2a3
  html5tokenizer: 923d6731ef1db320b92e2b6757ae2951898eacc2
  iso-rfc822-date: e10feac94cb97cfba1768762786cb772a020343f
  Markdown: 03b73e13360c7ac73d1a9250cf8f38431515a7f6
  SQLite.swift: 3e3bee21da701b5b9f87c4a672cb54f233505692
  Tarpit: fe3d890b1cf846e8c0146f6a793abcab78a22277

PODFILE CHECKSUM: b878b0003a64e6f14e759f468f5de5df82ac5526

COCOAPODS: 1.3.1
